
Microsoft Visual Studio Solution File, Format Version 12.00
# Visual Studio Version 17
VisualStudioVersion = 17.6.33801.468
MinimumVisualStudioVersion = 10.0.40219.1
Project("{9A19103F-16F7-4668-BE54-9A1E7A4F7556}") = "POC-Architecture-CQRS", "POC-Architecture-CQRS\POC-Architecture-CQRS.csproj", "{C26BC243-3498-4A36-9C3F-17ACD873BC0B}"
EndProject
Project("{9A19103F-16F7-4668-BE54-9A1E7A4F7556}") = "POC-Architecture-CQRS.Shared", "POC-Architecture-CQRS.Shared\POC-Architecture-CQRS.Shared.csproj", "{17D513E0-26B4-4627-9992-F52C1C9525A8}"
EndProject
Project("{FAE04EC0-301F-11D3-BF4B-00C04F79EFBC}") = "POC-Architecture-CQRS.Tests", "POC-Architecture-CQRS.Tests\POC-Architecture-CQRS.Tests.csproj", "{732AFFC9-BA67-4449-BC47-C02C838200B9}"
EndProject
Global
	GlobalSection(SolutionConfigurationPlatforms) = preSolution
		Debug|Any CPU = Debug|Any CPU
		Release|Any CPU = Release|Any CPU
	EndGlobalSection
	GlobalSection(ProjectConfigurationPlatforms) = postSolution
		{C26BC243-3498-4A36-9C3F-17ACD873BC0B}.Debug|Any CPU.ActiveCfg = Debug|Any CPU
		{C26BC243-3498-4A36-9C3F-17ACD873BC0B}.Debug|Any CPU.Build.0 = Debug|Any CPU
		{C26BC243-3498-4A36-9C3F-17ACD873BC0B}.Release|Any CPU.ActiveCfg = Release|Any CPU
		{C26BC243-3498-4A36-9C3F-17ACD873BC0B}.Release|Any CPU.Build.0 = Release|Any CPU
		{17D513E0-26B4-4627-9992-F52C1C9525A8}.Debug|Any CPU.ActiveCfg = Debug|Any CPU
		{17D513E0-26B4-4627-9992-F52C1C9525A8}.Debug|Any CPU.Build.0 = Debug|Any CPU
		{17D513E0-26B4-4627-9992-F52C1C9525A8}.Release|Any CPU.ActiveCfg = Release|Any CPU
		{17D513E0-26B4-4627-9992-F52C1C9525A8}.Release|Any CPU.Build.0 = Release|Any CPU
		{732AFFC9-BA67-4449-BC47-C02C838200B9}.Debug|Any CPU.ActiveCfg = Debug|Any CPU
		{732AFFC9-BA67-4449-BC47-C02C838200B9}.Debug|Any CPU.Build.0 = Debug|Any CPU
		{732AFFC9-BA67-4449-BC47-C02C838200B9}.Release|Any CPU.ActiveCfg = Release|Any CPU
		{732AFFC9-BA67-4449-BC47-C02C838200B9}.Release|Any CPU.Build.0 = Release|Any CPU
	EndGlobalSection
	GlobalSection(SolutionProperties) = preSolution
		HideSolutionNode = FALSE
	EndGlobalSection
	GlobalSection(ExtensibilityGlobals) = postSolution
		SolutionGuid = {DB322124-4DAC-41CF-BE24-F928171E2967}
	EndGlobalSection
EndGlobal
